
Microsoft Visual Studio Solution File, Format Version 12.00
# Visual Studio 15
VisualStudioVersion = 15.0.28307.779
MinimumVisualStudioVersion = 10.0.40219.1
Project("{FAE04EC0-301F-11D3-BF4B-00C04F79EFBC}") = "StringOccurrences", "StringOccurrences\StringOccurrences.csproj", "{601E5A1C-39F5-46BD-AA89-8FE0B0662D4F}"
EndProject
Global
	GlobalSection(SolutionConfigurationPlatforms) = preSolution
		Debug|Any CPU = Debug|Any CPU
		Release|Any CPU = Release|Any CPU
	EndGlobalSection
	GlobalSection(ProjectConfigurationPlatforms) = postSolution
		{601E5A1C-39F5-46BD-AA89-8FE0B0662D4F}.Debug|Any CPU.ActiveCfg = Debug|Any CPU
		{601E5A1C-39F5-46BD-AA89-8FE0B0662D4F}.Debug|Any CPU.Build.0 = Debug|Any CPU
		{601E5A1C-39F5-46BD-AA89-8FE0B0662D4F}.Release|Any CPU.ActiveCfg = Release|Any CPU
		{601E5A1C-39F5-46BD-AA89-8FE0B0662D4F}.Release|Any CPU.Build.0 = Release|Any CPU
	EndGlobalSection
	GlobalSection(SolutionProperties) = preSolution
		HideSolutionNode = FALSE
	EndGlobalSection
	GlobalSection(ExtensibilityGlobals) = postSolution
		SolutionGuid = {914F1C1B-4675-44CD-973A-9498E33DED2C}
	EndGlobalSection
EndGlobal
